// !$*UTF8*$!
{
	archiveVersion = 1;
	classes = {
	};
	objectVersion = 48;
	objects = {

/* Begin PBXBuildFile section */
		2E4323DE2002DFF600F0EA10 /* ProductCell.swift in Sources */ = {isa = PBXBuildFile; fileRef = 2E4323DD2002DFF600F0EA10 /* ProductCell.swift */; };
		2E4323E02002E1DB00F0EA10 /* Product.swift in Sources */ = {isa = PBXBuildFile; fileRef = 2E4323DF2002E1DB00F0EA10 /* Product.swift */; };
		2E4323E22002E6A500F0EA10 /* ProductVC.swift in Sources */ = {isa = PBXBuildFile; fileRef = 2E4323E12002E6A500F0EA10 /* ProductVC.swift */; };
		2ECE66D7200289B200A63963 /* AppDelegate.swift in Sources */ = {isa = PBXBuildFile; fileRef = 2ECE66D6200289B200A63963 /* AppDelegate.swift */; };
		2ECE66D9200289B200A63963 /* CategoriesVC.swift in Sources */ = {isa = PBXBuildFile; fileRef = 2ECE66D8200289B200A63963 /* CategoriesVC.swift */; };
		2ECE66DC200289B200A63963 /* Main.storyboard in Resources */ = {isa = PBXBuildFile; fileRef = 2ECE66DA200289B200A63963 /* Main.storyboard */; };
		2ECE66DE200289B200A63963 /* Assets.xcassets in Resources */ = {isa = PBXBuildFile; fileRef = 2ECE66DD200289B200A63963 /* Assets.xcassets */; };
		2ECE66E1200289B200A63963 /* LaunchScreen.storyboard in Resources */ = {isa = PBXBuildFile; fileRef = 2ECE66DF200289B200A63963 /* LaunchScreen.storyboard */; };
		2ECE66EC20028EEF00A63963 /* CategoryCell.swift in Sources */ = {isa = PBXBuildFile; fileRef = 2ECE66EB20028EEF00A63963 /* CategoryCell.swift */; };
		2ECE66EE2002917F00A63963 /* Category.swift in Sources */ = {isa = PBXBuildFile; fileRef = 2ECE66ED2002917F00A63963 /* Category.swift */; };
		2ECE66F1200292ED00A63963 /* DataService.swift in Sources */ = {isa = PBXBuildFile; fileRef = 2ECE66F0200292ED00A63963 /* DataService.swift */; };
/* End PBXBuildFile section */

/* Begin PBXFileReference section */
		2E4323DD2002DFF600F0EA10 /* ProductCell.swift */ = {isa = PBXFileReference; lastKnownFileType = sourcecode.swift; path = ProductCell.swift; sourceTree = "<group>"; };
		2E4323DF2002E1DB00F0EA10 /* Product.swift */ = {isa = PBXFileReference; lastKnownFileType = sourcecode.swift; path = Product.swift; sourceTree = "<group>"; };
		2E4323E12002E6A500F0EA10 /* ProductVC.swift */ = {isa = PBXFileReference; lastKnownFileType = sourcecode.swift; path = ProductVC.swift; sourceTree = "<group>"; };
		2ECE66D3200289B200A63963 /* coder-swag.app */ = {isa = PBXFileReference; explicitFileType = wrapper.application; includeInIndex = 0; path = "coder-swag.app"; sourceTree = BUILT_PRODUCTS_DIR; };
		2ECE66D6200289B200A63963 /* AppDelegate.swift */ = {isa = PBXFileReference; lastKnownFileType = sourcecode.swift; path = AppDelegate.swift; sourceTree = "<group>"; };
		2ECE66D8200289B200A63963 /* CategoriesVC.swift */ = {isa = PBXFileReference; lastKnownFileType = sourcecode.swift; path = CategoriesVC.swift; sourceTree = "<group>"; };
		2ECE66DB200289B200A63963 /* Base */ = {isa = PBXFileReference; lastKnownFileType = file.storyboard; name = Base; path = Base.lproj/Main.storyboard; sourceTree = "<group>"; };
		2ECE66DD200289B200A63963 /* Assets.xcassets */ = {isa = PBXFileReference; lastKnownFileType = folder.assetcatalog; path = Assets.xcassets; sourceTree = "<group>"; };
		2ECE66E0200289B200A63963 /* Base */ = {isa = PBXFileReference; lastKnownFileType = file.storyboard; name = Base; path = Base.lproj/LaunchScreen.storyboard; sourceTree = "<group>"; };
		2ECE66E2200289B200A63963 /* Info.plist */ = {isa = PBXFileReference; lastKnownFileType = text.plist.xml; path = Info.plist; sourceTree = "<group>"; };
		2ECE66EB20028EEF00A63963 /* CategoryCell.swift */ = {isa = PBXFileReference; lastKnownFileType = sourcecode.swift; path = CategoryCell.swift; sourceTree = "<group>"; };
		2ECE66ED2002917F00A63963 /* Category.swift */ = {isa = PBXFileReference; lastKnownFileType = sourcecode.swift; path = Category.swift; sourceTree = "<group>"; };
		2ECE66F0200292ED00A63963 /* DataService.swift */ = {isa = PBXFileReference; lastKnownFileType = sourcecode.swift; path = DataService.swift; sourceTree = "<group>"; };
/* End PBXFileReference section */

/* Begin PBXFrameworksBuildPhase section */
		2ECE66D0200289B200A63963 /* Frameworks */ = {
			isa = PBXFrameworksBuildPhase;
			buildActionMask = 2147483647;
			files = (
			);
			runOnlyForDeploymentPostprocessing = 0;
		};
/* End PBXFrameworksBuildPhase section */

/* Begin PBXGroup section */
		2ECE66CA200289B200A63963 = {
			isa = PBXGroup;
			children = (
				2ECE66D5200289B200A63963 /* coder-swag */,
				2ECE66D4200289B200A63963 /* Products */,
			);
			sourceTree = "<group>";
		};
		2ECE66D4200289B200A63963 /* Products */ = {
			isa = PBXGroup;
			children = (
				2ECE66D3200289B200A63963 /* coder-swag.app */,
			);
			name = Products;
			sourceTree = "<group>";
		};
		2ECE66D5200289B200A63963 /* coder-swag */ = {
			isa = PBXGroup;
			children = (
				2ECE66EF200292D900A63963 /* Services */,
				2ECE66EA20028EAC00A63963 /* View */,
				2ECE66E920028EA300A63963 /* Model */,
				2ECE66E820028E8E00A63963 /* Controller */,
				2ECE66D6200289B200A63963 /* AppDelegate.swift */,
				2ECE66DA200289B200A63963 /* Main.storyboard */,
				2ECE66DD200289B200A63963 /* Assets.xcassets */,
				2ECE66DF200289B200A63963 /* LaunchScreen.storyboard */,
				2ECE66E2200289B200A63963 /* Info.plist */,
			);
			path = "coder-swag";
			sourceTree = "<group>";
		};
		2ECE66E820028E8E00A63963 /* Controller */ = {
			isa = PBXGroup;
			children = (
				2ECE66D8200289B200A63963 /* CategoriesVC.swift */,
				2E4323E12002E6A500F0EA10 /* ProductVC.swift */,
			);
			path = Controller;
			sourceTree = "<group>";
		};
		2ECE66E920028EA300A63963 /* Model */ = {
			isa = PBXGroup;
			children = (
				2ECE66ED2002917F00A63963 /* Category.swift */,
				2E4323DF2002E1DB00F0EA10 /* Product.swift */,
			);
			path = Model;
			sourceTree = "<group>";
		};
		2ECE66EA20028EAC00A63963 /* View */ = {
			isa = PBXGroup;
			children = (
				2ECE66EB20028EEF00A63963 /* CategoryCell.swift */,
				2E4323DD2002DFF600F0EA10 /* ProductCell.swift */,
			);
			path = View;
			sourceTree = "<group>";
		};
		2ECE66EF200292D900A63963 /* Services */ = {
			isa = PBXGroup;
			children = (
				2ECE66F0200292ED00A63963 /* DataService.swift */,
			);
			path = Services;
			sourceTree = "<group>";
		};
/* End PBXGroup section */

/* Begin PBXNativeTarget section */
		2ECE66D2200289B200A63963 /* coder-swag */ = {
			isa = PBXNativeTarget;
			buildConfigurationList = 2ECE66E5200289B200A63963 /* Build configuration list for PBXNativeTarget "coder-swag" */;
			buildPhases = (
				2ECE66CF200289B200A63963 /* Sources */,
				2ECE66D0200289B200A63963 /* Frameworks */,
				2ECE66D1200289B200A63963 /* Resources */,
			);
			buildRules = (
			);
			dependencies = (
			);
			name = "coder-swag";
			productName = "coder-swag";
			productReference = 2ECE66D3200289B200A63963 /* coder-swag.app */;
			productType = "com.apple.product-type.application";
		};
/* End PBXNativeTarget section */

/* Begin PBXProject section */
		2ECE66CB200289B200A63963 /* Project object */ = {
			isa = PBXProject;
			attributes = {
				LastSwiftUpdateCheck = 0920;
				LastUpgradeCheck = 0920;
				ORGANIZATIONNAME = "Anirudh Bandi";
				TargetAttributes = {
					2ECE66D2200289B200A63963 = {
						CreatedOnToolsVersion = 9.2;
						ProvisioningStyle = Automatic;
					};
				};
			};
			buildConfigurationList = 2ECE66CE200289B200A63963 /* Build configuration list for PBXProject "coder-swag" */;
			compatibilityVersion = "Xcode 8.0";
			developmentRegion = en;
			hasScannedForEncodings = 0;
			knownRegions = (
				en,
				Base,
			);
			mainGroup = 2ECE66CA200289B200A63963;
			productRefGroup = 2ECE66D4200289B200A63963 /* Products */;
			projectDirPath = "";
			projectRoot = "";
			targets = (
				2ECE66D2200289B200A63963 /* coder-swag */,
			);
		};
/* End PBXProject section */

/* Begin PBXResourcesBuildPhase section */
		2ECE66D1200289B200A63963 /* Resources */ = {
			isa = PBXResourcesBuildPhase;
			buildActionMask = 2147483647;
			files = (
				2ECE66E1200289B200A63963 /* LaunchScreen.storyboard in Resources */,
				2ECE66DE200289B200A63963 /* Assets.xcassets in Resources */,
				2ECE66DC200289B200A63963 /* Main.storyboard in Resources */,
			);
			runOnlyForDeploymentPostprocessing = 0;
		};
/* End PBXResourcesBuildPhase section */

/* Begin PBXSourcesBuildPhase section */
		2ECE66CF200289B200A63963 /* Sources */ = {
			isa = PBXSourcesBuildPhase;
			buildActionMask = 2147483647;
			files = (
				2ECE66D9200289B200A63963 /* CategoriesVC.swift in Sources */,
				2ECE66D7200289B200A63963 /* AppDelegate.swift in Sources */,
				2ECE66EC20028EEF00A63963 /* CategoryCell.swift in Sources */,
				2E4323DE2002DFF600F0EA10 /* ProductCell.swift in Sources */,
				2E4323E22002E6A500F0EA10 /* ProductVC.swift in Sources */,
				2ECE66EE2002917F00A63963 /* Category.swift in Sources */,
				2ECE66F1200292ED00A63963 /* DataService.swift in Sources */,
				2E4323E02002E1DB00F0EA10 /* Product.swift in Sources */,
			);
			runOnlyForDeploymentPostprocessing = 0;
		};
/* End PBXSourcesBuildPhase section */

/* Begin PBXVariantGroup section */
		2ECE66DA200289B200A63963 /* Main.storyboard */ = {
			isa = PBXVariantGroup;
			children = (
				2ECE66DB200289B200A63963 /* Base */,
			);
			name = Main.storyboard;
			sourceTree = "<group>";
		};
		2ECE66DF200289B200A63963 /* LaunchScreen.storyboard */ = {
			isa = PBXVariantGroup;
			children = (
				2ECE66E0200289B200A63963 /* Base */,
			);
			name = LaunchScreen.storyboard;
			sourceTree = "<group>";
		};
/* End PBXVariantGroup section */

/* Begin XCBuildConfiguration section */
		2ECE66E3200289B200A63963 /* Debug */ = {
			isa = XCBuildConfiguration;
			buildSettings = {
				ALWAYS_SEARCH_USER_PATHS = NO;
				CLANG_ANALYZER_NONNULL = YES;
				CLANG_ANALYZER_NUMBER_OBJECT_CONVERSION = YES_AGGRESSIVE;
				CLANG_CXX_LANGUAGE_STANDARD = "gnu++14";
				CLANG_CXX_LIBRARY = "libc++";
				CLANG_ENABLE_MODULES = YES;
				CLANG_ENABLE_OBJC_ARC = YES;
				CLANG_WARN_BLOCK_CAPTURE_AUTORELEASING = YES;
				CLANG_WARN_BOOL_CONVERSION = YES;
				CLANG_WARN_COMMA = YES;
				CLANG_WARN_CONSTANT_CONVERSION = YES;
				CLANG_WARN_DIRECT_OBJC_ISA_USAGE = YES_ERROR;
				CLANG_WARN_DOCUMENTATION_COMMENTS = YES;
				CLANG_WARN_EMPTY_BODY = YES;
				CLANG_WARN_ENUM_CONVERSION = YES;
				CLANG_WARN_INFINITE_RECURSION = YES;
				CLANG_WARN_INT_CONVERSION = YES;
				CLANG_WARN_NON_LITERAL_NULL_CONVERSION = YES;
				CLANG_WARN_OBJC_LITERAL_CONVERSION = YES;
				CLANG_WARN_OBJC_ROOT_CLASS = YES_ERROR;
				CLANG_WARN_RANGE_LOOP_ANALYSIS = YES;
				CLANG_WARN_STRICT_PROTOTYPES = YES;
				CLANG_WARN_SUSPICIOUS_MOVE = YES;
				CLANG_WARN_UNGUARDED_AVAILABILITY = YES_AGGRESSIVE;
				CLANG_WARN_UNREACHABLE_CODE = YES;
				CLANG_WARN__DUPLICATE_METHOD_MATCH = YES;
				CODE_SIGN_IDENTITY = "iPhone Developer";
				COPY_PHASE_STRIP = NO;
				DEBUG_INFORMATION_FORMAT = dwarf;
				ENABLE_STRICT_OBJC_MSGSEND = YES;
				ENABLE_TESTABILITY = YES;
				GCC_C_LANGUAGE_STANDARD = gnu11;
				GCC_DYNAMIC_NO_PIC = NO;
				GCC_NO_COMMON_BLOCKS = YES;
				GCC_OPTIMIZATION_LEVEL = 0;
				GCC_PREPROCESSOR_DEFINITIONS = (
					"DEBUG=1",
					"$(inherited)",
				);
				GCC_WARN_64_TO_32_BIT_CONVERSION = YES;
				GCC_WARN_ABOUT_RETURN_TYPE = YES_ERROR;
				GCC_WARN_UNDECLARED_SELECTOR = YES;
				GCC_WARN_UNINITIALIZED_AUTOS = YES_AGGRESSIVE;
				GCC_WARN_UNUSED_FUNCTION = YES;
				GCC_WARN_UNUSED_VARIABLE = YES;
				IPHONEOS_DEPLOYMENT_TARGET = 11.2;
				MTL_ENABLE_DEBUG_INFO = YES;
				ONLY_ACTIVE_ARCH = YES;
				SDKROOT = iphoneos;
				SWIFT_ACTIVE_COMPILATION_CONDITIONS = DEBUG;
				SWIFT_OPTIMIZATION_LEVEL = "-Onone";
			};
			name = Debug;
		};
		2ECE66E4200289B200A63963 /* Release */ = {
			isa = XCBuildConfiguration;
			buildSettings = {
				ALWAYS_SEARCH_USER_PATHS = NO;
				CLANG_ANALYZER_NONNULL = YES;
				CLANG_ANALYZER_NUMBER_OBJECT_CONVERSION = YES_AGGRESSIVE;
				CLANG_CXX_LANGUAGE_STANDARD = "gnu++14";
				CLANG_CXX_LIBRARY = "libc++";
				CLANG_ENABLE_MODULES = YES;
				CLANG_ENABLE_OBJC_ARC = YES;
				CLANG_WARN_BLOCK_CAPTURE_AUTORELEASING = YES;
				CLANG_WARN_BOOL_CONVERSION = YES;
				CLANG_WARN_COMMA = YES;
				CLANG_WARN_CONSTANT_CONVERSION = YES;
				CLANG_WARN_DIRECT_OBJC_ISA_USAGE = YES_ERROR;
				CLANG_WARN_DOCUMENTATION_COMMENTS = YES;
				CLANG_WARN_EMPTY_BODY = YES;
				CLANG_WARN_ENUM_CONVERSION = YES;
				CLANG_WARN_INFINITE_RECURSION = YES;
				CLANG_WARN_INT_CONVERSION = YES;
				CLANG_WARN_NON_LITERAL_NULL_CONVERSION = YES;
				CLANG_WARN_OBJC_LITERAL_CONVERSION = YES;
				CLANG_WARN_OBJC_ROOT_CLASS = YES_ERROR;
				CLANG_WARN_RANGE_LOOP_ANALYSIS = YES;
				CLANG_WARN_STRICT_PROTOTYPES = YES;
				CLANG_WARN_SUSPICIOUS_MOVE = YES;
				CLANG_WARN_UNGUARDED_AVAILABILITY = YES_AGGRESSIVE;
				CLANG_WARN_UNREACHABLE_CODE = YES;
				CLANG_WARN__DUPLICATE_METHOD_MATCH = YES;
				CODE_SIGN_IDENTITY = "iPhone Developer";
				COPY_PHASE_STRIP = NO;
				DEBUG_INFORMATION_FORMAT = "dwarf-with-dsym";
				ENABLE_NS_ASSERTIONS = NO;
				ENABLE_STRICT_OBJC_MSGSEND = YES;
				GCC_C_LANGUAGE_STANDARD = gnu11;
				GCC_NO_COMMON_BLOCKS = YES;
				GCC_WARN_64_TO_32_BIT_CONVERSION = YES;
				GCC_WARN_ABOUT_RETURN_TYPE = YES_ERROR;
				GCC_WARN_UNDECLARED_SELECTOR = YES;
				GCC_WARN_UNINITIALIZED_AUTOS = YES_AGGRESSIVE;
				GCC_WARN_UNUSED_FUNCTION = YES;
				GCC_WARN_UNUSED_VARIABLE = YES;
				IPHONEOS_DEPLOYMENT_TARGET = 11.2;
				MTL_ENABLE_DEBUG_INFO = NO;
				SDKROOT = iphoneos;
				SWIFT_OPTIMIZATION_LEVEL = "-Owholemodule";
				VALIDATE_PRODUCT = YES;
			};
			name = Release;
		};
		2ECE66E6200289B200A63963 /* Debug */ = {
			isa = XCBuildConfiguration;
			buildSettings = {
				ASSETCATALOG_COMPILER_APPICON_NAME = AppIcon;
				CODE_SIGN_STYLE = Automatic;
				DEVELOPMENT_TEAM = T2T859YSUC;
				INFOPLIST_FILE = "coder-swag/Info.plist";
				LD_RUNPATH_SEARCH_PATHS = "$(inherited) @executable_path/Frameworks";
				PRODUCT_BUNDLE_IDENTIFIER = "com.anirudhbandi.coder-swag";
				PRODUCT_NAME = "$(TARGET_NAME)";
				SWIFT_VERSION = 4.0;
				TARGETED_DEVICE_FAMILY = "1,2";
			};
			name = Debug;
		};
		2ECE66E7200289B200A63963 /* Release */ = {
			isa = XCBuildConfiguration;
			buildSettings = {
				ASSETCATALOG_COMPILER_APPICON_NAME = AppIcon;
				CODE_SIGN_STYLE = Automatic;
				DEVELOPMENT_TEAM = T2T859YSUC;
				INFOPLIST_FILE = "coder-swag/Info.plist";
				LD_RUNPATH_SEARCH_PATHS = "$(inherited) @executable_path/Frameworks";
				PRODUCT_BUNDLE_IDENTIFIER = "com.anirudhbandi.coder-swag";
				PRODUCT_NAME = "$(TARGET_NAME)";
				SWIFT_VERSION = 4.0;
				TARGETED_DEVICE_FAMILY = "1,2";
			};
			name = Release;
		};
/* End XCBuildConfiguration section */

/* Begin XCConfigurationList section */
		2ECE66CE200289B200A63963 /* Build configuration list for PBXProject "coder-swag" */ = {
			isa = XCConfigurationList;
			buildConfigurations = (
				2ECE66E3200289B200A63963 /* Debug */,
				2ECE66E4200289B200A63963 /* Release */,
			);
			defaultConfigurationIsVisible = 0;
			defaultConfigurationName = Release;
		};
		2ECE66E5200289B200A63963 /* Build configuration list for PBXNativeTarget "coder-swag" */ = {
			isa = XCConfigurationList;
			buildConfigurations = (
				2ECE66E6200289B200A63963 /* Debug */,
				2ECE66E7200289B200A63963 /* Release */,
			);
			defaultConfigurationIsVisible = 0;
			defaultConfigurationName = Release;
		};
/* End XCConfigurationList section */
	};
	rootObject = 2ECE66CB200289B200A63963 /* Project object */;
}
